<?xml version="1.0" encoding="utf-8"?>
<Project ToolsVersion="4.0" xmlns="http://schemas.microsoft.com/developer/msbuild/2003">
  <ItemGroup>
    <Filter Include="Source Files">
      <UniqueIdentifier>{4FC737F1-C7A5-4376-A066-2A32D752A2FF}</UniqueIdentifier>
      <Extensions>cpp;c;cc;cxx;def;odl;idl;hpj;bat;asm;asmx</Extensions>
    </Filter>
    <Filter Include="Resource Files">
      <UniqueIdentifier>{67DA6AB6-F800-4c08-8B7A-83BB121AAD01}</UniqueIdentifier>
      <Extensions>rc;ico;cur;bmp;dlg;rc2;rct;bin;rgs;gif;jpg;jpeg;jpe;resx;tiff;tif;png;wav;mfcribbon-ms</Extensions>
    </Filter>
    <Filter Include="quickCheckCpp Files">
      <UniqueIdentifier>{93995380-89BD-4b04-88EB-625FBE52EBFB}</UniqueIdentifier>
      <Extensions>h;hpp;hxx;hm;inl;inc;xsd</Extensions>
    </Filter>
    <Filter Include="quickCheckCpp Files\detail">
      <UniqueIdentifier>{885a5ccd-9195-4ae0-ad6c-19c410c6a2e9}</UniqueIdentifier>
    </Filter>
    <Filter Include="quickCheckCpp Files\generator">
      <UniqueIdentifier>{b7ef7594-8f18-4aa9-9206-b419e67e25d8}</UniqueIdentifier>
    </Filter>
    <Filter Include="Example Files">
      <UniqueIdentifier>{881d96fe-9494-49df-bcdc-a63b5a89dc97}</UniqueIdentifier>
    </Filter>
    <Filter Include="Test Files">
      <UniqueIdentifier>{d36c0e94-b7e4-4fa9-a544-c60c7da27d86}</UniqueIdentifier>
    </Filter>
    <Filter Include="Test Files\generator">
      <UniqueIdentifier>{b2924ece-470f-41bf-aa45-87bb1a3a686d}</UniqueIdentifier>
    </Filter>
    <Filter Include="Test Files\qcheck">
      <UniqueIdentifier>{8c87a17d-0404-4944-ba39-21d4c2299243}</UniqueIdentifier>
    </Filter>
  </ItemGroup>
  <ItemGroup>
    <ClCompile Include="main.cpp">
      <Filter>Source Files</Filter>
    </ClCompile>
    <ClCompile Include="..\example\simple.cpp">
      <Filter>Example Files</Filter>
    </ClCompile>
    <ClCompile Include="..\test\generator\char.cpp">
      <Filter>Test Files\generator</Filter>
    </ClCompile>
    <ClCompile Include="..\test\generator\class.cpp">
      <Filter>Test Files\generator</Filter>
    </ClCompile>
    <ClCompile Include="..\test\generator\constant.cpp">
      <Filter>Test Files\generator</Filter>
    </ClCompile>
    <ClCompile Include="..\test\generator\normal.cpp">
      <Filter>Test Files\generator</Filter>
    </ClCompile>
    <ClCompile Include="..\test\generator\string.cpp">
      <Filter>Test Files\generator</Filter>
    </ClCompile>
    <ClCompile Include="..\test\generator\transform.cpp">
      <Filter>Test Files\generator</Filter>
    </ClCompile>
    <ClCompile Include="..\test\generator\uniform.cpp">
      <Filter>Test Files\generator</Filter>
    </ClCompile>
    <ClCompile Include="..\test\generator\vector.cpp">
      <Filter>Test Files\generator</Filter>
    </ClCompile>
    <ClCompile Include="..\test\generator\zip.cpp">
      <Filter>Test Files\generator</Filter>
    </ClCompile>
    <ClCompile Include="..\test\classify.cpp">
      <Filter>Test Files</Filter>
    </ClCompile>
    <ClCompile Include="..\test\array.cpp">
      <Filter>Test Files</Filter>
    </ClCompile>
    <ClCompile Include="..\test\basic.cpp">
      <Filter>Test Files</Filter>
    </ClCompile>
    <ClCompile Include="..\test\condition.cpp">
      <Filter>Test Files</Filter>
    </ClCompile>
    <ClCompile Include="..\test\config.cpp">
      <Filter>Test Files</Filter>
    </ClCompile>
    <ClCompile Include="..\test\group_by.cpp">
      <Filter>Test Files</Filter>
    </ClCompile>
    <ClCompile Include="..\test\property.cpp">
      <Filter>Test Files</Filter>
    </ClCompile>
    <ClCompile Include="..\test\qcheck\test0.cpp">
      <Filter>Test Files\qcheck</Filter>
    </ClCompile>
    <ClCompile Include="..\test\qcheck\test1.cpp">
      <Filter>Test Files\qcheck</Filter>
    </ClCompile>
  </ItemGroup>
  <ItemGroup>
    <ClInclude Include="..\..\..\boost\quick_check\quick_check.hpp">
      <Filter>quickCheckCpp Files</Filter>
    </ClInclude>
    <ClInclude Include="..\..\..\boost\quick_check\quick_check_fwd.hpp">
      <Filter>quickCheckCpp Files</Filter>
    </ClInclude>
    <ClInclude Include="..\..\..\boost\quick_check\config.hpp">
      <Filter>quickCheckCpp Files</Filter>
    </ClInclude>
    <ClInclude Include="..\..\..\boost\quick_check\qcheck.hpp">
      <Filter>quickCheckCpp Files</Filter>
    </ClInclude>
    <ClInclude Include="..\..\..\boost\quick_check\qcheck_results.hpp">
      <Filter>quickCheckCpp Files</Filter>
    </ClInclude>
    <ClInclude Include="..\..\..\boost\quick_check\property.hpp">
      <Filter>quickCheckCpp Files</Filter>
    </ClInclude>
    <ClInclude Include="..\..\..\boost\quick_check\generator.hpp">
      <Filter>quickCheckCpp Files</Filter>
    </ClInclude>
    <ClInclude Include="..\..\..\boost\quick_check\detail\array.hpp">
      <Filter>quickCheckCpp Files\detail</Filter>
    </ClInclude>
    <ClInclude Include="..\..\..\boost\quick_check\detail\operators.hpp">
      <Filter>quickCheckCpp Files\detail</Filter>
    </ClInclude>
    <ClInclude Include="..\..\..\boost\quick_check\detail\grammar.hpp">
      <Filter>quickCheckCpp Files\detail</Filter>
    </ClInclude>
    <ClInclude Include="..\..\..\boost\quick_check\classify.hpp">
      <Filter>quickCheckCpp Files</Filter>
    </ClInclude>
    <ClInclude Include="..\..\..\boost\quick_check\group_by.hpp">
      <Filter>quickCheckCpp Files</Filter>
    </ClInclude>
    <ClInclude Include="..\..\..\boost\quick_check\detail\functional.hpp">
      <Filter>quickCheckCpp Files\detail</Filter>
    </ClInclude>
    <ClInclude Include="..\..\..\boost\quick_check\condition.hpp">
      <Filter>quickCheckCpp Files</Filter>
    </ClInclude>
    <ClInclude Include="..\..\..\boost\quick_check\generator\class.hpp">
      <Filter>quickCheckCpp Files\generator</Filter>
    </ClInclude>
    <ClInclude Include="..\..\..\boost\quick_check\generator\basic_generator.hpp">
      <Filter>quickCheckCpp Files\generator</Filter>
    </ClInclude>
    <ClInclude Include="..\..\..\boost\quick_check\generator\constant.hpp">
      <Filter>quickCheckCpp Files\generator</Filter>
    </ClInclude>
    <ClInclude Include="..\..\..\boost\quick_check\generator\uniform.hpp">
      <Filter>quickCheckCpp Files\generator</Filter>
    </ClInclude>
    <ClInclude Include="..\..\..\boost\quick_check\generator\normal.hpp">
      <Filter>quickCheckCpp Files\generator</Filter>
    </ClInclude>
    <ClInclude Include="..\..\..\boost\quick_check\generator\vector.hpp">
      <Filter>quickCheckCpp Files\generator</Filter>
    </ClInclude>
    <ClInclude Include="..\..\..\boost\quick_check\generator\string.hpp">
      <Filter>quickCheckCpp Files\generator</Filter>
    </ClInclude>
    <ClInclude Include="..\..\..\boost\quick_check\generator\transform.hpp">
      <Filter>quickCheckCpp Files\generator</Filter>
    </ClInclude>
    <ClInclude Include="..\..\..\boost\quick_check\generator\zip.hpp">
      <Filter>quickCheckCpp Files\generator</Filter>
    </ClInclude>
    <ClInclude Include="..\..\..\boost\quick_check\generator\char.hpp">
      <Filter>quickCheckCpp Files\generator</Filter>
    </ClInclude>
    <ClInclude Include="..\test\file_dist.hpp">
      <Filter>Test Files</Filter>
    </ClInclude>
    <ClInclude Include="..\test\utility.hpp">
      <Filter>Test Files</Filter>
    </ClInclude>
  </ItemGroup>
  <ItemGroup>
    <None Include="..\example\Jamfile">
      <Filter>Example Files</Filter>
    </None>
    <None Include="..\test\Jamfile">
      <Filter>Test Files</Filter>
    </None>
    <None Include="Jamfile">
      <Filter>Source Files</Filter>
    </None>
  </ItemGroup>
  <ItemGroup>
    <Text Include="..\test\normal_double_distribution.txt">
      <Filter>Test Files</Filter>
    </Text>
    <Text Include="..\test\uniform_int_distribution.txt">
      <Filter>Test Files</Filter>
    </Text>
  </ItemGroup>
</Project>