<?xml version="1.0" encoding="utf-8"?>
<Project ToolsVersion="4.0" xmlns="http://schemas.microsoft.com/developer/msbuild/2003">
  <ItemGroup>
    <Filter Include="Source Files">
      <UniqueIdentifier>{4FC737F1-C7A5-4376-A066-2A32D752A2FF}</UniqueIdentifier>
      <Extensions>cpp;c;cc;cxx;def;odl;idl;hpj;bat;asm;asmx</Extensions>
    </Filter>
    <Filter Include="Resource Files">
      <UniqueIdentifier>{67DA6AB6-F800-4c08-8B7A-83BB121AAD01}</UniqueIdentifier>
      <Extensions>rc;ico;cur;bmp;dlg;rc2;rct;bin;rgs;gif;jpg;jpeg;jpe;resx;tiff;tif;png;wav;mfcribbon-ms</Extensions>
    </Filter>
    <Filter Include="quickCheckCpp Files">
      <UniqueIdentifier>{93995380-89BD-4b04-88EB-625FBE52EBFB}</UniqueIdentifier>
      <Extensions>h;hpp;hxx;hm;inl;inc;xsd</Extensions>
    </Filter>
    <Filter Include="quickCheckCpp Files\detail">
      <UniqueIdentifier>{885a5ccd-9195-4ae0-ad6c-19c410c6a2e9}</UniqueIdentifier>
    </Filter>
    <Filter Include="quickCheckCpp Files\generator">
      <UniqueIdentifier>{b7ef7594-8f18-4aa9-9206-b419e67e25d8}</UniqueIdentifier>
    </Filter>
  </ItemGroup>
  <ItemGroup>
    <ClCompile Include="main.cpp">
      <Filter>Source Files</Filter>
    </ClCompile>
  </ItemGroup>
  <ItemGroup>
    <ClInclude Include="..\..\..\boost\quick_check\quick_check.hpp">
      <Filter>quickCheckCpp Files</Filter>
    </ClInclude>
    <ClInclude Include="..\..\..\boost\quick_check\quick_check_fwd.hpp">
      <Filter>quickCheckCpp Files</Filter>
    </ClInclude>
    <ClInclude Include="..\..\..\boost\quick_check\config.hpp">
      <Filter>quickCheckCpp Files</Filter>
    </ClInclude>
    <ClInclude Include="..\..\..\boost\quick_check\qcheck.hpp">
      <Filter>quickCheckCpp Files</Filter>
    </ClInclude>
    <ClInclude Include="..\..\..\boost\quick_check\qcheck_results.hpp">
      <Filter>quickCheckCpp Files</Filter>
    </ClInclude>
    <ClInclude Include="..\..\..\boost\quick_check\property.hpp">
      <Filter>quickCheckCpp Files</Filter>
    </ClInclude>
    <ClInclude Include="..\..\..\boost\quick_check\generator.hpp">
      <Filter>quickCheckCpp Files</Filter>
    </ClInclude>
    <ClInclude Include="..\..\..\boost\quick_check\detail\array.hpp">
      <Filter>quickCheckCpp Files\detail</Filter>
    </ClInclude>
    <ClInclude Include="..\..\..\boost\quick_check\detail\operators.hpp">
      <Filter>quickCheckCpp Files\detail</Filter>
    </ClInclude>
    <ClInclude Include="..\..\..\boost\quick_check\detail\grammar.hpp">
      <Filter>quickCheckCpp Files\detail</Filter>
    </ClInclude>
    <ClInclude Include="..\..\..\boost\quick_check\classify.hpp">
      <Filter>quickCheckCpp Files</Filter>
    </ClInclude>
    <ClInclude Include="..\..\..\boost\quick_check\group_by.hpp">
      <Filter>quickCheckCpp Files</Filter>
    </ClInclude>
    <ClInclude Include="..\..\..\boost\quick_check\detail\functional.hpp">
      <Filter>quickCheckCpp Files\detail</Filter>
    </ClInclude>
    <ClInclude Include="..\..\..\boost\quick_check\condition.hpp">
      <Filter>quickCheckCpp Files</Filter>
    </ClInclude>
    <ClInclude Include="..\..\..\boost\quick_check\generator\class.hpp">
      <Filter>quickCheckCpp Files\generator</Filter>
    </ClInclude>
    <ClInclude Include="..\..\..\boost\quick_check\generator\basic_generator.hpp">
      <Filter>quickCheckCpp Files\generator</Filter>
    </ClInclude>
    <ClInclude Include="..\..\..\boost\quick_check\generator\constant.hpp">
      <Filter>quickCheckCpp Files\generator</Filter>
    </ClInclude>
    <ClInclude Include="..\..\..\boost\quick_check\generator\uniform.hpp">
      <Filter>quickCheckCpp Files\generator</Filter>
    </ClInclude>
    <ClInclude Include="..\..\..\boost\quick_check\generator\normal.hpp">
      <Filter>quickCheckCpp Files\generator</Filter>
    </ClInclude>
    <ClInclude Include="..\..\..\boost\quick_check\generator\vector.hpp">
      <Filter>quickCheckCpp Files\generator</Filter>
    </ClInclude>
    <ClInclude Include="..\..\..\boost\quick_check\generator\string.hpp">
      <Filter>quickCheckCpp Files\generator</Filter>
    </ClInclude>
    <ClInclude Include="..\..\..\boost\quick_check\generator\transform.hpp">
      <Filter>quickCheckCpp Files\generator</Filter>
    </ClInclude>
    <ClInclude Include="..\..\..\boost\quick_check\generator\zip.hpp">
      <Filter>quickCheckCpp Files\generator</Filter>
    </ClInclude>
    <ClInclude Include="..\..\..\boost\quick_check\generator\char.hpp">
      <Filter>quickCheckCpp Files\generator</Filter>
    </ClInclude>
  </ItemGroup>
</Project>